
Microsoft Visual Studio Solution File, Format Version 12.00
# Visual Studio Version 16
VisualStudioVersion = 16.0.33423.256
MinimumVisualStudioVersion = 10.0.40219.1
Project("{FAE04EC0-301F-11D3-BF4B-00C04F79EFBC}") = "lab3_c1", "lab3_c1\lab3_c1.csproj", "{FE0F06A9-F74D-4BAE-AB5A-5B8B46C6A7D9}"
EndProject
Global
	GlobalSection(SolutionConfigurationPlatforms) = preSolution
		Debug|Any CPU = Debug|Any CPU
		Release|Any CPU = Release|Any CPU
	EndGlobalSection
	GlobalSection(ProjectConfigurationPlatforms) = postSolution
		{FE0F06A9-F74D-4BAE-AB5A-5B8B46C6A7D9}.Debug|Any CPU.ActiveCfg = Debug|Any CPU
		{FE0F06A9-F74D-4BAE-AB5A-5B8B46C6A7D9}.Debug|Any CPU.Build.0 = Debug|Any CPU
		{FE0F06A9-F74D-4BAE-AB5A-5B8B46C6A7D9}.Release|Any CPU.ActiveCfg = Release|Any CPU
		{FE0F06A9-F74D-4BAE-AB5A-5B8B46C6A7D9}.Release|Any CPU.Build.0 = Release|Any CPU
	EndGlobalSection
	GlobalSection(SolutionProperties) = preSolution
		HideSolutionNode = FALSE
	EndGlobalSection
	GlobalSection(ExtensibilityGlobals) = postSolution
		SolutionGuid = {200A23BC-D556-4E1E-8DFB-75C360D32B79}
	EndGlobalSection
EndGlobal
